
Microsoft Visual Studio Solution File, Format Version 12.00
# Visual Studio 15
VisualStudioVersion = 15.0.28010.2003
MinimumVisualStudioVersion = 10.0.40219.1
Project("{FAE04EC0-301F-11D3-BF4B-00C04F79EFBC}") = "Inventory Management", "Inventory Management\Inventory Management.csproj", "{2423E95E-52FB-47BE-B463-7C67E3E3909D}"
EndProject
Global
	GlobalSection(SolutionConfigurationPlatforms) = preSolution
		Debug|Any CPU = Debug|Any CPU
		Release|Any CPU = Release|Any CPU
	EndGlobalSection
	GlobalSection(ProjectConfigurationPlatforms) = postSolution
		{2423E95E-52FB-47BE-B463-7C67E3E3909D}.Debug|Any CPU.ActiveCfg = Debug|Any CPU
		{2423E95E-52FB-47BE-B463-7C67E3E3909D}.Debug|Any CPU.Build.0 = Debug|Any CPU
		{2423E95E-52FB-47BE-B463-7C67E3E3909D}.Release|Any CPU.ActiveCfg = Release|Any CPU
		{2423E95E-52FB-47BE-B463-7C67E3E3909D}.Release|Any CPU.Build.0 = Release|Any CPU
	EndGlobalSection
	GlobalSection(SolutionProperties) = preSolution
		HideSolutionNode = FALSE
	EndGlobalSection
	GlobalSection(ExtensibilityGlobals) = postSolution
		SolutionGuid = {CC0881A1-C8CC-4D17-B91D-4BF9770C88B9}
	EndGlobalSection
EndGlobal
